<?xml version="1.0" encoding="utf-8"?>
<Project ToolsVersion="4.0" xmlns="http://schemas.microsoft.com/developer/msbuild/2003">
  <ItemGroup>
    <Filter Include="win32">
      <UniqueIdentifier>{84a8ebd7-7cf0-47f6-b75e-d441df67da40}</UniqueIdentifier>
    </Filter>
    <Filter Include="resource">
      <UniqueIdentifier>{715254bc-d70b-4ec5-bf29-467dd3ace079}</UniqueIdentifier>
    </Filter>
    <Filter Include="src">
      <UniqueIdentifier>{bb6c862e-70e9-49d9-81b7-3829a6f50471}</UniqueIdentifier>
    </Filter>
    <Filter Include="resource\flyingpinguin">
      <UniqueIdentifier>{a1880f91-0548-496b-acd1-8bdc45e74c98}</UniqueIdentifier>
    </Filter>
    <Filter Include="src\flyingpinguin">
      <UniqueIdentifier>{510bb916-f76d-4c34-a028-0f6bf321184e}</UniqueIdentifier>
    </Filter>
  </ItemGroup>
  <ItemGroup>
    <ClCompile Include="main.cpp">
      <Filter>win32</Filter>
    </ClCompile>
    <ClCompile Include="..\Classes\flyingpinguin\CustomTerrain.cpp">
      <Filter>src\flyingpinguin</Filter>
    </ClCompile>
    <ClCompile Include="..\Classes\flyingpinguin\GameGlobals.cpp">
      <Filter>src\flyingpinguin</Filter>
    </ClCompile>
    <ClCompile Include="..\Classes\flyingpinguin\GameWorld.cpp">
      <Filter>src\flyingpinguin</Filter>
    </ClCompile>
    <ClCompile Include="..\Classes\flyingpinguin\GLES-Render.cpp">
      <Filter>src\flyingpinguin</Filter>
    </ClCompile>
    <ClCompile Include="..\Classes\flyingpinguin\MainMenu.cpp">
      <Filter>src\flyingpinguin</Filter>
    </ClCompile>
    <ClCompile Include="..\Classes\flyingpinguin\Penguin.cpp">
      <Filter>src\flyingpinguin</Filter>
    </ClCompile>
    <ClCompile Include="..\Classes\flyingpinguin\Popups.cpp">
      <Filter>src\flyingpinguin</Filter>
    </ClCompile>
    <ClCompile Include="..\Classes\flyingpinguin\Sky.cpp">
      <Filter>src\flyingpinguin</Filter>
    </ClCompile>
    <ClCompile Include="..\Classes\flyingpinguin\AppDelegate.cpp">
      <Filter>src\flyingpinguin</Filter>
    </ClCompile>
  </ItemGroup>
  <ItemGroup>
    <ClInclude Include="main.h">
      <Filter>win32</Filter>
    </ClInclude>
    <ClInclude Include="resource1.h" />
    <ClInclude Include="..\Classes\GameResources.h">
      <Filter>src</Filter>
    </ClInclude>
    <ClInclude Include="..\Classes\flyingpinguin\CustomTerrain.h">
      <Filter>src\flyingpinguin</Filter>
    </ClInclude>
    <ClInclude Include="..\Classes\flyingpinguin\GameGlobals.h">
      <Filter>src\flyingpinguin</Filter>
    </ClInclude>
    <ClInclude Include="..\Classes\flyingpinguin\GameWorld.h">
      <Filter>src\flyingpinguin</Filter>
    </ClInclude>
    <ClInclude Include="..\Classes\flyingpinguin\GLES-Render.h">
      <Filter>src\flyingpinguin</Filter>
    </ClInclude>
    <ClInclude Include="..\Classes\flyingpinguin\MainMenu.h">
      <Filter>src\flyingpinguin</Filter>
    </ClInclude>
    <ClInclude Include="..\Classes\flyingpinguin\Penguin.h">
      <Filter>src\flyingpinguin</Filter>
    </ClInclude>
    <ClInclude Include="..\Classes\flyingpinguin\Popups.h">
      <Filter>src\flyingpinguin</Filter>
    </ClInclude>
    <ClInclude Include="..\Classes\flyingpinguin\Sky.h">
      <Filter>src\flyingpinguin</Filter>
    </ClInclude>
    <ClInclude Include="..\Classes\flyingpinguin\AppDelegate.h">
      <Filter>src\flyingpinguin</Filter>
    </ClInclude>
  </ItemGroup>
  <ItemGroup>
    <ResourceCompile Include="blueprints.rc" />
  </ItemGroup>
  <ItemGroup>
    <Image Include="..\Resources\flyingpinguin\clouds.png">
      <Filter>resource\flyingpinguin</Filter>
    </Image>
    <Image Include="..\Resources\flyingpinguin\noise1.png">
      <Filter>resource\flyingpinguin</Filter>
    </Image>
    <Image Include="..\Resources\flyingpinguin\noise2.png">
      <Filter>resource\flyingpinguin</Filter>
    </Image>
    <Image Include="..\Resources\flyingpinguin\pause.png">
      <Filter>resource\flyingpinguin</Filter>
    </Image>
    <Image Include="..\Resources\flyingpinguin\pause_button.png">
      <Filter>resource\flyingpinguin</Filter>
    </Image>
    <Image Include="..\Resources\flyingpinguin\penguin_1.png">
      <Filter>resource\flyingpinguin</Filter>
    </Image>
    <Image Include="..\Resources\flyingpinguin\penguin_2.png">
      <Filter>resource\flyingpinguin</Filter>
    </Image>
    <Image Include="..\Resources\flyingpinguin\penguin_3.png">
      <Filter>resource\flyingpinguin</Filter>
    </Image>
    <Image Include="..\Resources\flyingpinguin\play.png">
      <Filter>resource\flyingpinguin</Filter>
    </Image>
    <Image Include="..\Resources\flyingpinguin\play_button.png">
      <Filter>resource\flyingpinguin</Filter>
    </Image>
    <Image Include="..\Resources\flyingpinguin\popup.png">
      <Filter>resource\flyingpinguin</Filter>
    </Image>
    <Image Include="..\Resources\flyingpinguin\texture.png">
      <Filter>resource\flyingpinguin</Filter>
    </Image>
    <Image Include="..\Resources\flyingpinguin\title.png">
      <Filter>resource\flyingpinguin</Filter>
    </Image>
    <Image Include="..\Resources\flyingpinguin\wal_font_0.png">
      <Filter>resource\flyingpinguin</Filter>
    </Image>
  </ItemGroup>
  <ItemGroup>
    <None Include="..\Resources\flyingpinguin\explosion.plist">
      <Filter>resource\flyingpinguin</Filter>
    </None>
    <None Include="..\Resources\flyingpinguin\wal_font.fnt">
      <Filter>resource\flyingpinguin</Filter>
    </None>
  </ItemGroup>
</Project>