<?xml version="1.0" encoding="utf-8"?>
<Project ToolsVersion="4.0" xmlns="http://schemas.microsoft.com/developer/msbuild/2003">
  <ItemGroup>
    <Filter Include="win32">
      <UniqueIdentifier>{84a8ebd7-7cf0-47f6-b75e-d441df67da40}</UniqueIdentifier>
    </Filter>
    <Filter Include="resource">
      <UniqueIdentifier>{715254bc-d70b-4ec5-bf29-467dd3ace079}</UniqueIdentifier>
    </Filter>
    <Filter Include="src">
      <UniqueIdentifier>{bb6c862e-70e9-49d9-81b7-3829a6f50471}</UniqueIdentifier>
    </Filter>
    <Filter Include="src\spacecraze">
      <UniqueIdentifier>{4ed5d90a-9c1d-4464-a916-1d276df61f07}</UniqueIdentifier>
    </Filter>
    <Filter Include="resource\spacecraze">
      <UniqueIdentifier>{7f86902c-0ea2-4f59-9557-f4c35d4cbb45}</UniqueIdentifier>
    </Filter>
    <Filter Include="resource\colorsmasher">
      <UniqueIdentifier>{94878618-4f09-4a00-9120-fad5393786fc}</UniqueIdentifier>
    </Filter>
    <Filter Include="resource\colorsmasher\fonts">
      <UniqueIdentifier>{73f25cf2-b64e-43c1-b0f7-cfed0731cd42}</UniqueIdentifier>
    </Filter>
  </ItemGroup>
  <ItemGroup>
    <ClCompile Include="main.cpp">
      <Filter>win32</Filter>
    </ClCompile>
    <ClCompile Include="..\Classes\spacecraze\BackgroundManager.cpp">
      <Filter>src\spacecraze</Filter>
    </ClCompile>
    <ClCompile Include="..\Classes\spacecraze\Brick.cpp">
      <Filter>src\spacecraze</Filter>
    </ClCompile>
    <ClCompile Include="..\Classes\spacecraze\CustomSprite.cpp">
      <Filter>src\spacecraze</Filter>
    </ClCompile>
    <ClCompile Include="..\Classes\spacecraze\Enemy.cpp">
      <Filter>src\spacecraze</Filter>
    </ClCompile>
    <ClCompile Include="..\Classes\spacecraze\GameGlobals.cpp">
      <Filter>src\spacecraze</Filter>
    </ClCompile>
    <ClCompile Include="..\Classes\spacecraze\GameWorld.cpp">
      <Filter>src\spacecraze</Filter>
    </ClCompile>
    <ClCompile Include="..\Classes\spacecraze\MainMenu.cpp">
      <Filter>src\spacecraze</Filter>
    </ClCompile>
    <ClCompile Include="..\Classes\spacecraze\Player.cpp">
      <Filter>src\spacecraze</Filter>
    </ClCompile>
    <ClCompile Include="..\Classes\spacecraze\Popups.cpp">
      <Filter>src\spacecraze</Filter>
    </ClCompile>
    <ClCompile Include="..\Classes\spacecraze\AppDelegate.cpp">
      <Filter>src\spacecraze</Filter>
    </ClCompile>
    <ClCompile Include="..\Classes\tinyxml2.cpp">
      <Filter>src</Filter>
    </ClCompile>
  </ItemGroup>
  <ItemGroup>
    <ClInclude Include="main.h">
      <Filter>win32</Filter>
    </ClInclude>
    <ClInclude Include="resource1.h" />
    <ClInclude Include="..\Classes\spacecraze\BackgroundManager.h">
      <Filter>src\spacecraze</Filter>
    </ClInclude>
    <ClInclude Include="..\Classes\spacecraze\Brick.h">
      <Filter>src\spacecraze</Filter>
    </ClInclude>
    <ClInclude Include="..\Classes\spacecraze\CustomSprite.h">
      <Filter>src\spacecraze</Filter>
    </ClInclude>
    <ClInclude Include="..\Classes\spacecraze\Enemy.h">
      <Filter>src\spacecraze</Filter>
    </ClInclude>
    <ClInclude Include="..\Classes\spacecraze\GameGlobals.h">
      <Filter>src\spacecraze</Filter>
    </ClInclude>
    <ClInclude Include="..\Classes\spacecraze\GameWorld.h">
      <Filter>src\spacecraze</Filter>
    </ClInclude>
    <ClInclude Include="..\Classes\spacecraze\MainMenu.h">
      <Filter>src\spacecraze</Filter>
    </ClInclude>
    <ClInclude Include="..\Classes\spacecraze\Player.h">
      <Filter>src\spacecraze</Filter>
    </ClInclude>
    <ClInclude Include="..\Classes\spacecraze\Popups.h">
      <Filter>src\spacecraze</Filter>
    </ClInclude>
    <ClInclude Include="..\Classes\spacecraze\AppDelegate.h">
      <Filter>src\spacecraze</Filter>
    </ClInclude>
    <ClInclude Include="..\Classes\spacecraze\AppMacros.h">
      <Filter>src\spacecraze</Filter>
    </ClInclude>
    <ClInclude Include="..\Classes\tinyxml2.h">
      <Filter>src</Filter>
    </ClInclude>
    <ClInclude Include="..\Classes\GameResources.h">
      <Filter>src</Filter>
    </ClInclude>
  </ItemGroup>
  <ItemGroup>
    <Image Include="..\Resources\spacecraze\sfbg.png">
      <Filter>resource\spacecraze</Filter>
    </Image>
    <Image Include="..\Resources\spacecraze\sftext_0.png">
      <Filter>resource\spacecraze</Filter>
    </Image>
    <Image Include="..\Resources\spacecraze\spacetex.png">
      <Filter>resource\spacecraze</Filter>
    </Image>
    <Image Include="..\Resources\spacecraze\texture.png">
      <Filter>resource\spacecraze</Filter>
    </Image>
    <Image Include="..\Resources\colorsmasher\CloseNormal.png">
      <Filter>resource\colorsmasher</Filter>
    </Image>
    <Image Include="..\Resources\colorsmasher\CloseSelected.png">
      <Filter>resource\colorsmasher</Filter>
    </Image>
    <Image Include="..\Resources\colorsmasher\HelloWorld.png">
      <Filter>resource\colorsmasher</Filter>
    </Image>
    <Image Include="..\Resources\colorsmasher\pause_button.png">
      <Filter>resource\colorsmasher</Filter>
    </Image>
    <Image Include="..\Resources\colorsmasher\play_button.png">
      <Filter>resource\colorsmasher</Filter>
    </Image>
    <Image Include="..\Resources\colorsmasher\tile.png">
      <Filter>resource\colorsmasher</Filter>
    </Image>
  </ItemGroup>
  <ItemGroup>
    <ResourceCompile Include="blueprints.rc" />
  </ItemGroup>
  <ItemGroup>
    <None Include="..\Resources\spacecraze\explosion.plist">
      <Filter>resource\spacecraze</Filter>
    </None>
    <None Include="..\Resources\spacecraze\sftext.fnt">
      <Filter>resource\spacecraze</Filter>
    </None>
    <None Include="..\Resources\spacecraze\spacetex.plist">
      <Filter>resource\spacecraze</Filter>
    </None>
  </ItemGroup>
  <ItemGroup>
    <Media Include="..\Resources\spacecraze\blast_enemy.wav">
      <Filter>resource\spacecraze</Filter>
    </Media>
    <Media Include="..\Resources\spacecraze\blast_player.wav">
      <Filter>resource\spacecraze</Filter>
    </Media>
    <Media Include="..\Resources\spacecraze\game_over.wav">
      <Filter>resource\spacecraze</Filter>
    </Media>
    <Media Include="..\Resources\spacecraze\level_complete.wav">
      <Filter>resource\spacecraze</Filter>
    </Media>
    <Media Include="..\Resources\spacecraze\shoot_enemy.wav">
      <Filter>resource\spacecraze</Filter>
    </Media>
    <Media Include="..\Resources\spacecraze\shoot_player.wav">
      <Filter>resource\spacecraze</Filter>
    </Media>
    <Media Include="..\Resources\spacecraze\blast_brick.wav">
      <Filter>resource\spacecraze</Filter>
    </Media>
  </ItemGroup>
  <ItemGroup>
    <Xml Include="..\Resources\spacecraze\Level01.xml">
      <Filter>resource\spacecraze</Filter>
    </Xml>
    <Xml Include="..\Resources\spacecraze\Level02.xml">
      <Filter>resource\spacecraze</Filter>
    </Xml>
    <Xml Include="..\Resources\spacecraze\Level03.xml">
      <Filter>resource\spacecraze</Filter>
    </Xml>
    <Xml Include="..\Resources\spacecraze\Level04.xml">
      <Filter>resource\spacecraze</Filter>
    </Xml>
    <Xml Include="..\Resources\spacecraze\Level05.xml">
      <Filter>resource\spacecraze</Filter>
    </Xml>
  </ItemGroup>
  <ItemGroup>
    <Font Include="..\Resources\colorsmasher\fonts\arial.ttf">
      <Filter>resource\colorsmasher\fonts</Filter>
    </Font>
    <Font Include="..\Resources\colorsmasher\fonts\Comic Sans MS.ttf">
      <Filter>resource\colorsmasher\fonts</Filter>
    </Font>
    <Font Include="..\Resources\colorsmasher\fonts\Marker Felt.ttf">
      <Filter>resource\colorsmasher\fonts</Filter>
    </Font>
  </ItemGroup>
</Project>