<?xml version="1.0" encoding="utf-8"?>
<Project ToolsVersion="4.0" xmlns="http://schemas.microsoft.com/developer/msbuild/2003">
  <ItemGroup>
    <Filter Include="win32">
      <UniqueIdentifier>{84a8ebd7-7cf0-47f6-b75e-d441df67da40}</UniqueIdentifier>
    </Filter>
    <Filter Include="resource">
      <UniqueIdentifier>{715254bc-d70b-4ec5-bf29-467dd3ace079}</UniqueIdentifier>
    </Filter>
    <Filter Include="src">
      <UniqueIdentifier>{bb6c862e-70e9-49d9-81b7-3829a6f50471}</UniqueIdentifier>
    </Filter>
    <Filter Include="resource\trampolin">
      <UniqueIdentifier>{a22b21dd-9623-4386-a76e-273a1e9e5785}</UniqueIdentifier>
    </Filter>
    <Filter Include="src\trampolin">
      <UniqueIdentifier>{4115e3e2-6db9-4249-bf83-546c5fe55536}</UniqueIdentifier>
    </Filter>
  </ItemGroup>
  <ItemGroup>
    <ClCompile Include="main.cpp">
      <Filter>win32</Filter>
    </ClCompile>
    <ClCompile Include="..\Classes\trampolin\AppDelegate.cpp">
      <Filter>src\trampolin</Filter>
    </ClCompile>
    <ClCompile Include="..\Classes\trampolin\BackgroundManager.cpp">
      <Filter>src\trampolin</Filter>
    </ClCompile>
    <ClCompile Include="..\Classes\trampolin\Clown.cpp">
      <Filter>src\trampolin</Filter>
    </ClCompile>
    <ClCompile Include="..\Classes\trampolin\Collectible.cpp">
      <Filter>src\trampolin</Filter>
    </ClCompile>
    <ClCompile Include="..\Classes\trampolin\GameGlobals.cpp">
      <Filter>src\trampolin</Filter>
    </ClCompile>
    <ClCompile Include="..\Classes\trampolin\GameObject.cpp">
      <Filter>src\trampolin</Filter>
    </ClCompile>
    <ClCompile Include="..\Classes\trampolin\GameWorld.cpp">
      <Filter>src\trampolin</Filter>
    </ClCompile>
    <ClCompile Include="..\Classes\trampolin\GLES-Render.cpp">
      <Filter>src\trampolin</Filter>
    </ClCompile>
    <ClCompile Include="..\Classes\trampolin\MainMenu.cpp">
      <Filter>src\trampolin</Filter>
    </ClCompile>
    <ClCompile Include="..\Classes\trampolin\Popups.cpp">
      <Filter>src\trampolin</Filter>
    </ClCompile>
  </ItemGroup>
  <ItemGroup>
    <ClInclude Include="main.h">
      <Filter>win32</Filter>
    </ClInclude>
    <ClInclude Include="resource1.h" />
    <ClInclude Include="..\Classes\GameResources.h">
      <Filter>src</Filter>
    </ClInclude>
    <ClInclude Include="..\Classes\trampolin\AppDelegate.h">
      <Filter>src\trampolin</Filter>
    </ClInclude>
    <ClInclude Include="..\Classes\trampolin\AppMacros.h">
      <Filter>src\trampolin</Filter>
    </ClInclude>
    <ClInclude Include="..\Classes\trampolin\BackgroundManager.h">
      <Filter>src\trampolin</Filter>
    </ClInclude>
    <ClInclude Include="..\Classes\trampolin\Clown.h">
      <Filter>src\trampolin</Filter>
    </ClInclude>
    <ClInclude Include="..\Classes\trampolin\Collectible.h">
      <Filter>src\trampolin</Filter>
    </ClInclude>
    <ClInclude Include="..\Classes\trampolin\GameGlobals.h">
      <Filter>src\trampolin</Filter>
    </ClInclude>
    <ClInclude Include="..\Classes\trampolin\GameObject.h">
      <Filter>src\trampolin</Filter>
    </ClInclude>
    <ClInclude Include="..\Classes\trampolin\GameWorld.h">
      <Filter>src\trampolin</Filter>
    </ClInclude>
    <ClInclude Include="..\Classes\trampolin\GLES-Render.h">
      <Filter>src\trampolin</Filter>
    </ClInclude>
    <ClInclude Include="..\Classes\trampolin\MainMenu.h">
      <Filter>src\trampolin</Filter>
    </ClInclude>
    <ClInclude Include="..\Classes\trampolin\Popups.h">
      <Filter>src\trampolin</Filter>
    </ClInclude>
  </ItemGroup>
  <ItemGroup>
    <ResourceCompile Include="blueprints.rc" />
  </ItemGroup>
  <ItemGroup>
    <Image Include="..\Resources\trampolin\cjsbar01.png">
      <Filter>resource\trampolin</Filter>
    </Image>
    <Image Include="..\Resources\trampolin\cjtexset_01.png">
      <Filter>resource\trampolin</Filter>
    </Image>
    <Image Include="..\Resources\trampolin\cjtexset_02.png">
      <Filter>resource\trampolin</Filter>
    </Image>
    <Image Include="..\Resources\trampolin\jcfont_0.png">
      <Filter>resource\trampolin</Filter>
    </Image>
    <Image Include="..\Resources\trampolin\texture.png">
      <Filter>resource\trampolin</Filter>
    </Image>
  </ItemGroup>
  <ItemGroup>
    <None Include="..\Resources\trampolin\cjtexset_01.plist">
      <Filter>resource\trampolin</Filter>
    </None>
    <None Include="..\Resources\trampolin\cjtexset_02.plist">
      <Filter>resource\trampolin</Filter>
    </None>
    <None Include="..\Resources\trampolin\explosion.plist">
      <Filter>resource\trampolin</Filter>
    </None>
    <None Include="..\Resources\trampolin\jcfont.fnt">
      <Filter>resource\trampolin</Filter>
    </None>
  </ItemGroup>
  <ItemGroup>
    <Media Include="..\Resources\trampolin\collectible.wav">
      <Filter>resource\trampolin</Filter>
    </Media>
    <Media Include="..\Resources\trampolin\game_over.wav">
      <Filter>resource\trampolin</Filter>
    </Media>
    <Media Include="..\Resources\trampolin\platform.wav">
      <Filter>resource\trampolin</Filter>
    </Media>
    <Media Include="..\Resources\trampolin\base_platform.wav">
      <Filter>resource\trampolin</Filter>
    </Media>
    <Media Include="..\Resources\trampolin\bottle_rocket.wav">
      <Filter>resource\trampolin</Filter>
    </Media>
  </ItemGroup>
</Project>